
Microsoft Visual Studio Solution File, Format Version 12.00
# Visual Studio 15
VisualStudioVersion = 15.0.28307.421
MinimumVisualStudioVersion = 10.0.40219.1
Project("{FAE04EC0-301F-11D3-BF4B-00C04F79EFBC}") = "WindowsFormHello", "WindowsFormHello\WindowsFormHello.csproj", "{7FB7C10E-0A03-44F9-9487-DCF413E8746B}"
EndProject
Global
	GlobalSection(SolutionConfigurationPlatforms) = preSolution
		Debug|Any CPU = Debug|Any CPU
		Release|Any CPU = Release|Any CPU
	EndGlobalSection
	GlobalSection(ProjectConfigurationPlatforms) = postSolution
		{7FB7C10E-0A03-44F9-9487-DCF413E8746B}.Debug|Any CPU.ActiveCfg = Debug|Any CPU
		{7FB7C10E-0A03-44F9-9487-DCF413E8746B}.Debug|Any CPU.Build.0 = Debug|Any CPU
		{7FB7C10E-0A03-44F9-9487-DCF413E8746B}.Release|Any CPU.ActiveCfg = Release|Any CPU
		{7FB7C10E-0A03-44F9-9487-DCF413E8746B}.Release|Any CPU.Build.0 = Release|Any CPU
	EndGlobalSection
	GlobalSection(SolutionProperties) = preSolution
		HideSolutionNode = FALSE
	EndGlobalSection
	GlobalSection(ExtensibilityGlobals) = postSolution
		SolutionGuid = {B590F89A-3CC1-4765-97CA-9171E8B418D2}
	EndGlobalSection
EndGlobal
